// !$*UTF8*$!
{
	archiveVersion = 1;
	classes = {
	};
	objectVersion = 46;
	objects = {

/* Begin PBXBuildFile section */
		2B059FDA1998CD1C00144541 /* SmallActivityIndicatorCreator.m in Sources */ = {isa = PBXBuildFile; fileRef = 2B059FD91998CD1C00144541 /* SmallActivityIndicatorCreator.m */; };
		2B059FE51998D35700144541 /* NSDate+convenience.m in Sources */ = {isa = PBXBuildFile; fileRef = 2B059FDC1998D35700144541 /* NSDate+convenience.m */; };
		2B059FE61998D35700144541 /* NSMutableArray+convenience.m in Sources */ = {isa = PBXBuildFile; fileRef = 2B059FDE1998D35700144541 /* NSMutableArray+convenience.m */; settings = {COMPILER_FLAGS = "-fno-objc-arc"; }; };
		2B059FE71998D35700144541 /* UIColor+expanded.m in Sources */ = {isa = PBXBuildFile; fileRef = 2B059FE01998D35700144541 /* UIColor+expanded.m */; };
		2B059FE81998D35700144541 /* UIView+convenience.m in Sources */ = {isa = PBXBuildFile; fileRef = 2B059FE21998D35700144541 /* UIView+convenience.m */; };
		2B059FE91998D35700144541 /* VRGCalendarView.m in Sources */ = {isa = PBXBuildFile; fileRef = 2B059FE41998D35700144541 /* VRGCalendarView.m */; settings = {COMPILER_FLAGS = "-fno-objc-arc"; }; };
		2B059FEC1998F60C00144541 /* Main_SettingsIcon@2x.png in Resources */ = {isa = PBXBuildFile; fileRef = 2B059FEB1998F60C00144541 /* Main_SettingsIcon@2x.png */; };
		2B059FF41998FA1B00144541 /* SettingsTableViewController.m in Sources */ = {isa = PBXBuildFile; fileRef = 2B059FF31998FA1B00144541 /* SettingsTableViewController.m */; };
		2B059FF81999027E00144541 /* Main_SettingsIcon2@2x.png in Resources */ = {isa = PBXBuildFile; fileRef = 2B059FF71999027E00144541 /* Main_SettingsIcon2@2x.png */; };
		2B059FFA1999099000144541 /* Main_BG@2x.jpg in Resources */ = {isa = PBXBuildFile; fileRef = 2B059FF91999099000144541 /* Main_BG@2x.jpg */; };
		2B05A00A199A146F00144541 /* Main_SlideIcon@2x.png in Resources */ = {isa = PBXBuildFile; fileRef = 2B05A009199A146F00144541 /* Main_SlideIcon@2x.png */; };
		2B05A00D199A1A3B00144541 /* ImageResizer.m in Sources */ = {isa = PBXBuildFile; fileRef = 2B05A00C199A1A3B00144541 /* ImageResizer.m */; };
		2B05A012199A1B0A00144541 /* avatar3.jpg in Resources */ = {isa = PBXBuildFile; fileRef = 2B05A00E199A1B0A00144541 /* avatar3.jpg */; };
		2B05A013199A1B0A00144541 /* avatar1.jpg in Resources */ = {isa = PBXBuildFile; fileRef = 2B05A00F199A1B0A00144541 /* avatar1.jpg */; };
		2B05A014199A1B0A00144541 /* avatar2.jpg in Resources */ = {isa = PBXBuildFile; fileRef = 2B05A010199A1B0A00144541 /* avatar2.jpg */; };
		2B05A015199A1B0A00144541 /* avatar4.jpg in Resources */ = {isa = PBXBuildFile; fileRef = 2B05A011199A1B0A00144541 /* avatar4.jpg */; };
		2B05A019199A1FF300144541 /* Main_InviteIcon@2x.png in Resources */ = {isa = PBXBuildFile; fileRef = 2B05A018199A1FF300144541 /* Main_InviteIcon@2x.png */; };
		2B1B6CE0199E8FCC004A6614 /* NSMutableArray+SWUtilityButtons.m in Sources */ = {isa = PBXBuildFile; fileRef = 2B1B6CD5199E8FCC004A6614 /* NSMutableArray+SWUtilityButtons.m */; };
		2B1B6CE1199E8FCC004A6614 /* SWCellScrollView.m in Sources */ = {isa = PBXBuildFile; fileRef = 2B1B6CD7199E8FCC004A6614 /* SWCellScrollView.m */; };
		2B1B6CE2199E8FCC004A6614 /* SWLongPressGestureRecognizer.m in Sources */ = {isa = PBXBuildFile; fileRef = 2B1B6CD9199E8FCC004A6614 /* SWLongPressGestureRecognizer.m */; };
		2B1B6CE3199E8FCC004A6614 /* SWTableViewCell.m in Sources */ = {isa = PBXBuildFile; fileRef = 2B1B6CDB199E8FCC004A6614 /* SWTableViewCell.m */; };
		2B1B6CE4199E8FCC004A6614 /* SWUtilityButtonTapGestureRecognizer.m in Sources */ = {isa = PBXBuildFile; fileRef = 2B1B6CDD199E8FCC004A6614 /* SWUtilityButtonTapGestureRecognizer.m */; };
		2B1B6CE5199E8FCC004A6614 /* SWUtilityButtonView.m in Sources */ = {isa = PBXBuildFile; fileRef = 2B1B6CDF199E8FCC004A6614 /* SWUtilityButtonView.m */; };
		2B1B6CE8199FBAEA004A6614 /* LocationSearchProxy.m in Sources */ = {isa = PBXBuildFile; fileRef = 2B1B6CE7199FBAEA004A6614 /* LocationSearchProxy.m */; };
		2B1B6CEA199FC0C9004A6614 /* CoreLocation.framework in Frameworks */ = {isa = PBXBuildFile; fileRef = 2B1B6CE9199FC0C9004A6614 /* CoreLocation.framework */; };
		2B28E51E199E12A000450D68 /* AddEventViewController.m in Sources */ = {isa = PBXBuildFile; fileRef = 2B28E51D199E12A000450D68 /* AddEventViewController.m */; };
		2B28E527199E1A5A00450D68 /* AddEvent_map@2x.png in Resources */ = {isa = PBXBuildFile; fileRef = 2B28E526199E1A5A00450D68 /* AddEvent_map@2x.png */; };
		2B28E52B199E1C2A00450D68 /* AddEvent_group@2x.png in Resources */ = {isa = PBXBuildFile; fileRef = 2B28E528199E1C2A00450D68 /* AddEvent_group@2x.png */; };
		2B28E52C199E1C2A00450D68 /* AddEvent_write@2x.png in Resources */ = {isa = PBXBuildFile; fileRef = 2B28E529199E1C2A00450D68 /* AddEvent_write@2x.png */; };
		2B28E531199E206600450D68 /* AddEvent_link@2x.png in Resources */ = {isa = PBXBuildFile; fileRef = 2B28E52E199E206600450D68 /* AddEvent_link@2x.png */; };
		2B28E532199E206600450D68 /* AddEvent_note@2x.png in Resources */ = {isa = PBXBuildFile; fileRef = 2B28E52F199E206600450D68 /* AddEvent_note@2x.png */; };
		2B28E533199E206600450D68 /* AddEvent_time@2x.png in Resources */ = {isa = PBXBuildFile; fileRef = 2B28E530199E206600450D68 /* AddEvent_time@2x.png */; };
		2B28E535199E224F00450D68 /* AddEvent_BG@2x.png in Resources */ = {isa = PBXBuildFile; fileRef = 2B28E534199E224F00450D68 /* AddEvent_BG@2x.png */; };
		2B28E537199E239C00450D68 /* AddEvent_TextField@2x.png in Resources */ = {isa = PBXBuildFile; fileRef = 2B28E536199E239C00450D68 /* AddEvent_TextField@2x.png */; };
		2B28E540199E5A9C00450D68 /* AddEvent_SearchBarCancel@2x.png in Resources */ = {isa = PBXBuildFile; fileRef = 2B28E53F199E5A9C00450D68 /* AddEvent_SearchBarCancel@2x.png */; };
		2B51617C199FC711007C1AAF /* WholescreenActivityIndicatorCreator.m in Sources */ = {isa = PBXBuildFile; fileRef = 2B51617B199FC711007C1AAF /* WholescreenActivityIndicatorCreator.m */; };
		2B60F2AA19A2089700ACAC82 /* AddFriends_AddFriendButton@2x.png in Resources */ = {isa = PBXBuildFile; fileRef = 2B60F2A919A2089700ACAC82 /* AddFriends_AddFriendButton@2x.png */; };
		2B60F2AC19A20EFB00ACAC82 /* AddFriends_AvatarIcon@2x.png in Resources */ = {isa = PBXBuildFile; fileRef = 2B60F2AB19A20EFB00ACAC82 /* AddFriends_AvatarIcon@2x.png */; };
		2B670F37199D0DD600A6B041 /* Main_DeleteEven@2x.png in Resources */ = {isa = PBXBuildFile; fileRef = 2B670F35199D0DD600A6B041 /* Main_DeleteEven@2x.png */; };
		2B670F39199D101300A6B041 /* Main_AddEvent@2x.png in Resources */ = {isa = PBXBuildFile; fileRef = 2B670F38199D101300A6B041 /* Main_AddEvent@2x.png */; };
		2B78152F19A0C480007C43C3 /* LocationSearchViewController.m in Sources */ = {isa = PBXBuildFile; fileRef = 2B78152E19A0C480007C43C3 /* LocationSearchViewController.m */; };
		2B78153719A0D10A007C43C3 /* AddEvent_Navigate@2x.png in Resources */ = {isa = PBXBuildFile; fileRef = 2B78153619A0D10A007C43C3 /* AddEvent_Navigate@2x.png */; };
		2B78154119A113A4007C43C3 /* DatePickerCreator.m in Sources */ = {isa = PBXBuildFile; fileRef = 2B78154019A113A4007C43C3 /* DatePickerCreator.m */; };
		2B78154419A12CF8007C43C3 /* UserSearchViewController.m in Sources */ = {isa = PBXBuildFile; fileRef = 2B78154319A12CF8007C43C3 /* UserSearchViewController.m */; };
		2B78154819A136CA007C43C3 /* Main_AddFriends@2x.png in Resources */ = {isa = PBXBuildFile; fileRef = 2B78154719A136CA007C43C3 /* Main_AddFriends@2x.png */; };
		2B78154A19A137D1007C43C3 /* Main_Settings@2x.png in Resources */ = {isa = PBXBuildFile; fileRef = 2B78154919A137D1007C43C3 /* Main_Settings@2x.png */; };
		2B78154E19A13958007C43C3 /* AddFriendsViewController.m in Sources */ = {isa = PBXBuildFile; fileRef = 2B78154D19A13958007C43C3 /* AddFriendsViewController.m */; };
		2B78155119A14A44007C43C3 /* AddFriendsProxy.m in Sources */ = {isa = PBXBuildFile; fileRef = 2B78155019A14A44007C43C3 /* AddFriendsProxy.m */; };
		2BB444A81993C86F00AFEC46 /* MainViewController.m in Sources */ = {isa = PBXBuildFile; fileRef = 2BB444A71993C86F00AFEC46 /* MainViewController.m */; };
		2BB6C5DF1994C69900E6D6D4 /* AlertViewCreator.m in Sources */ = {isa = PBXBuildFile; fileRef = 2BB6C5DE1994C69900E6D6D4 /* AlertViewCreator.m */; };
		2BB6C5E2199509AF00E6D6D4 /* ViewToImageConverter.m in Sources */ = {isa = PBXBuildFile; fileRef = 2BB6C5E1199509AF00E6D6D4 /* ViewToImageConverter.m */; };
		2BB6C5E51995277B00E6D6D4 /* GetFacebookImageURL.m in Sources */ = {isa = PBXBuildFile; fileRef = 2BB6C5E41995277B00E6D6D4 /* GetFacebookImageURL.m */; };
		2BB7B4FD199159420062467E /* Foundation.framework in Frameworks */ = {isa = PBXBuildFile; fileRef = 2BB7B4FC199159420062467E /* Foundation.framework */; };
		2BB7B4FF199159420062467E /* CoreGraphics.framework in Frameworks */ = {isa = PBXBuildFile; fileRef = 2BB7B4FE199159420062467E /* CoreGraphics.framework */; };
		2BB7B501199159420062467E /* UIKit.framework in Frameworks */ = {isa = PBXBuildFile; fileRef = 2BB7B500199159420062467E /* UIKit.framework */; };
		2BB7B507199159420062467E /* InfoPlist.strings in Resources */ = {isa = PBXBuildFile; fileRef = 2BB7B505199159420062467E /* InfoPlist.strings */; };
		2BB7B509199159420062467E /* main.m in Sources */ = {isa = PBXBuildFile; fileRef = 2BB7B508199159420062467E /* main.m */; };
		2BB7B50D199159420062467E /* AppDelegate.m in Sources */ = {isa = PBXBuildFile; fileRef = 2BB7B50C199159420062467E /* AppDelegate.m */; };
		2BB7B50F199159420062467E /* Images.xcassets in Resources */ = {isa = PBXBuildFile; fileRef = 2BB7B50E199159420062467E /* Images.xcassets */; };
		2BB7B516199159420062467E /* XCTest.framework in Frameworks */ = {isa = PBXBuildFile; fileRef = 2BB7B515199159420062467E /* XCTest.framework */; };
		2BB7B517199159420062467E /* Foundation.framework in Frameworks */ = {isa = PBXBuildFile; fileRef = 2BB7B4FC199159420062467E /* Foundation.framework */; };
		2BB7B518199159420062467E /* UIKit.framework in Frameworks */ = {isa = PBXBuildFile; fileRef = 2BB7B500199159420062467E /* UIKit.framework */; };
		2BB7B520199159420062467E /* InfoPlist.strings in Resources */ = {isa = PBXBuildFile; fileRef = 2BB7B51E199159420062467E /* InfoPlist.strings */; };
		2BB7B522199159420062467E /* MeetMeUpTests.m in Sources */ = {isa = PBXBuildFile; fileRef = 2BB7B521199159420062467E /* MeetMeUpTests.m */; };
		2BB7B52C199159540062467E /* Storyboard.storyboard in Resources */ = {isa = PBXBuildFile; fileRef = 2BB7B52B199159540062467E /* Storyboard.storyboard */; };
		2BB7B52F199159790062467E /* LoginViewController.m in Sources */ = {isa = PBXBuildFile; fileRef = 2BB7B52E199159790062467E /* LoginViewController.m */; };
		2BB7B536199159B90062467E /* LoginProxy.m in Sources */ = {isa = PBXBuildFile; fileRef = 2BB7B535199159B90062467E /* LoginProxy.m */; };
		2BB7B54019915FF80062467E /* Login_ForgotPassword.png in Resources */ = {isa = PBXBuildFile; fileRef = 2BB7B53A19915FF80062467E /* Login_ForgotPassword.png */; };
		2BB7B54119915FF80062467E /* Login_NewUser.png in Resources */ = {isa = PBXBuildFile; fileRef = 2BB7B53B19915FF80062467E /* Login_NewUser.png */; };
		2BB7B54219915FF80062467E /* Login_PhotoBG.png in Resources */ = {isa = PBXBuildFile; fileRef = 2BB7B53C19915FF80062467E /* Login_PhotoBG.png */; };
		2BB7B54319915FF80062467E /* Login_SignInButton.png in Resources */ = {isa = PBXBuildFile; fileRef = 2BB7B53D19915FF80062467E /* Login_SignInButton.png */; };
		2BB7B54419915FF80062467E /* Login_SignInFacebook@2x.png in Resources */ = {isa = PBXBuildFile; fileRef = 2BB7B53E19915FF80062467E /* Login_SignInFacebook@2x.png */; };
		2BB7B54C199163CD0062467E /* SignUpViewController.m in Sources */ = {isa = PBXBuildFile; fileRef = 2BB7B54B199163CD0062467E /* SignUpViewController.m */; };
		2BB7B54F199171950062467E /* SignUp_EmailPass.png in Resources */ = {isa = PBXBuildFile; fileRef = 2BB7B54E199171950062467E /* SignUp_EmailPass.png */; };
		2BB7B551199172880062467E /* SignUp_SignupButton.png in Resources */ = {isa = PBXBuildFile; fileRef = 2BB7B550199172880062467E /* SignUp_SignupButton.png */; };
		2BB7B55519921FB00062467E /* Login_UserPass.png in Resources */ = {isa = PBXBuildFile; fileRef = 2BB7B55419921FB00062467E /* Login_UserPass.png */; };
		2BB7B559199221040062467E /* Login_EmailIcon.png in Resources */ = {isa = PBXBuildFile; fileRef = 2BB7B556199221040062467E /* Login_EmailIcon.png */; };
		2BB7B55A199221040062467E /* Login_LockIcon.png in Resources */ = {isa = PBXBuildFile; fileRef = 2BB7B557199221040062467E /* Login_LockIcon.png */; };
		2BB7B55B199221040062467E /* Login_UserIcon.png in Resources */ = {isa = PBXBuildFile; fileRef = 2BB7B558199221040062467E /* Login_UserIcon.png */; };
		2BB7B563199230890062467E /* FacebookSDK.framework in Frameworks */ = {isa = PBXBuildFile; fileRef = 2BB7B562199230890062467E /* FacebookSDK.framework */; };
		2BB7B565199290960062467E /* SignUp_CameraIcon@2x.png in Resources */ = {isa = PBXBuildFile; fileRef = 2BB7B564199290960062467E /* SignUp_CameraIcon@2x.png */; };
		2BF5794D199409A100FC1D8E /* SignUpProxy.m in Sources */ = {isa = PBXBuildFile; fileRef = 2BF5794C199409A100FC1D8E /* SignUpProxy.m */; };
		2BF57953199417EE00FC1D8E /* ImagePickHelper.m in Sources */ = {isa = PBXBuildFile; fileRef = 2BF57952199417EE00FC1D8E /* ImagePickHelper.m */; };
/* End PBXBuildFile section */

/* Begin PBXContainerItemProxy section */
		2BB7B519199159420062467E /* PBXContainerItemProxy */ = {
			isa = PBXContainerItemProxy;
			containerPortal = 2BB7B4F1199159420062467E /* Project object */;
			proxyType = 1;
			remoteGlobalIDString = 2BB7B4F8199159420062467E;
			remoteInfo = MeetMeUp;
		};
/* End PBXContainerItemProxy section */

/* Begin PBXFileReference section */
		2B059FD81998CD1C00144541 /* SmallActivityIndicatorCreator.h */ = {isa = PBXFileReference; fileEncoding = 4; lastKnownFileType = sourcecode.c.h; path = SmallActivityIndicatorCreator.h; sourceTree = "<group>"; };
		2B059FD91998CD1C00144541 /* SmallActivityIndicatorCreator.m */ = {isa = PBXFileReference; fileEncoding = 4; lastKnownFileType = sourcecode.c.objc; path = SmallActivityIndicatorCreator.m; sourceTree = "<group>"; };
		2B059FDB1998D35700144541 /* NSDate+convenience.h */ = {isa = PBXFileReference; fileEncoding = 4; lastKnownFileType = sourcecode.c.h; path = "NSDate+convenience.h"; sourceTree = "<group>"; };
		2B059FDC1998D35700144541 /* NSDate+convenience.m */ = {isa = PBXFileReference; fileEncoding = 4; lastKnownFileType = sourcecode.c.objc; path = "NSDate+convenience.m"; sourceTree = "<group>"; };
		2B059FDD1998D35700144541 /* NSMutableArray+convenience.h */ = {isa = PBXFileReference; fileEncoding = 4; lastKnownFileType = sourcecode.c.h; path = "NSMutableArray+convenience.h"; sourceTree = "<group>"; };
		2B059FDE1998D35700144541 /* NSMutableArray+convenience.m */ = {isa = PBXFileReference; fileEncoding = 4; lastKnownFileType = sourcecode.c.objc; path = "NSMutableArray+convenience.m"; sourceTree = "<group>"; };
		2B059FDF1998D35700144541 /* UIColor+expanded.h */ = {isa = PBXFileReference; fileEncoding = 4; lastKnownFileType = sourcecode.c.h; path = "UIColor+expanded.h"; sourceTree = "<group>"; };
		2B059FE01998D35700144541 /* UIColor+expanded.m */ = {isa = PBXFileReference; fileEncoding = 4; lastKnownFileType = sourcecode.c.objc; path = "UIColor+expanded.m"; sourceTree = "<group>"; };
		2B059FE11998D35700144541 /* UIView+convenience.h */ = {isa = PBXFileReference; fileEncoding = 4; lastKnownFileType = sourcecode.c.h; path = "UIView+convenience.h"; sourceTree = "<group>"; };
		2B059FE21998D35700144541 /* UIView+convenience.m */ = {isa = PBXFileReference; fileEncoding = 4; lastKnownFileType = sourcecode.c.objc; path = "UIView+convenience.m"; sourceTree = "<group>"; };
		2B059FE31998D35700144541 /* VRGCalendarView.h */ = {isa = PBXFileReference; fileEncoding = 4; lastKnownFileType = sourcecode.c.h; path = VRGCalendarView.h; sourceTree = "<group>"; };
		2B059FE41998D35700144541 /* VRGCalendarView.m */ = {isa = PBXFileReference; fileEncoding = 4; lastKnownFileType = sourcecode.c.objc; path = VRGCalendarView.m; sourceTree = "<group>"; };
		2B059FEB1998F60C00144541 /* Main_SettingsIcon@2x.png */ = {isa = PBXFileReference; lastKnownFileType = image.png; path = "Main_SettingsIcon@2x.png"; sourceTree = "<group>"; };
		2B059FF21998FA1B00144541 /* SettingsTableViewController.h */ = {isa = PBXFileReference; fileEncoding = 4; lastKnownFileType = sourcecode.c.h; path = SettingsTableViewController.h; sourceTree = "<group>"; };
		2B059FF31998FA1B00144541 /* SettingsTableViewController.m */ = {isa = PBXFileReference; fileEncoding = 4; lastKnownFileType = sourcecode.c.objc; path = SettingsTableViewController.m; sourceTree = "<group>"; };
		2B059FF71999027E00144541 /* Main_SettingsIcon2@2x.png */ = {isa = PBXFileReference; lastKnownFileType = image.png; path = "Main_SettingsIcon2@2x.png"; sourceTree = "<group>"; };
		2B059FF91999099000144541 /* Main_BG@2x.jpg */ = {isa = PBXFileReference; lastKnownFileType = image.jpeg; path = "Main_BG@2x.jpg"; sourceTree = "<group>"; };
		2B05A009199A146F00144541 /* Main_SlideIcon@2x.png */ = {isa = PBXFileReference; lastKnownFileType = image.png; path = "Main_SlideIcon@2x.png"; sourceTree = "<group>"; };
		2B05A00B199A1A3B00144541 /* ImageResizer.h */ = {isa = PBXFileReference; fileEncoding = 4; lastKnownFileType = sourcecode.c.h; path = ImageResizer.h; sourceTree = "<group>"; };
		2B05A00C199A1A3B00144541 /* ImageResizer.m */ = {isa = PBXFileReference; fileEncoding = 4; lastKnownFileType = sourcecode.c.objc; path = ImageResizer.m; sourceTree = "<group>"; };
		2B05A00E199A1B0A00144541 /* avatar3.jpg */ = {isa = PBXFileReference; lastKnownFileType = image.jpeg; path = avatar3.jpg; sourceTree = "<group>"; };
		2B05A00F199A1B0A00144541 /* avatar1.jpg */ = {isa = PBXFileReference; lastKnownFileType = image.jpeg; path = avatar1.jpg; sourceTree = "<group>"; };
		2B05A010199A1B0A00144541 /* avatar2.jpg */ = {isa = PBXFileReference; lastKnownFileType = image.jpeg; path = avatar2.jpg; sourceTree = "<group>"; };
		2B05A011199A1B0A00144541 /* avatar4.jpg */ = {isa = PBXFileReference; lastKnownFileType = image.jpeg; path = avatar4.jpg; sourceTree = "<group>"; };
		2B05A018199A1FF300144541 /* Main_InviteIcon@2x.png */ = {isa = PBXFileReference; lastKnownFileType = image.png; path = "Main_InviteIcon@2x.png"; sourceTree = "<group>"; };
		2B1B6CD4199E8FCC004A6614 /* NSMutableArray+SWUtilityButtons.h */ = {isa = PBXFileReference; fileEncoding = 4; lastKnownFileType = sourcecode.c.h; path = "NSMutableArray+SWUtilityButtons.h"; sourceTree = "<group>"; };
		2B1B6CD5199E8FCC004A6614 /* NSMutableArray+SWUtilityButtons.m */ = {isa = PBXFileReference; fileEncoding = 4; lastKnownFileType = sourcecode.c.objc; path = "NSMutableArray+SWUtilityButtons.m"; sourceTree = "<group>"; };
		2B1B6CD6199E8FCC004A6614 /* SWCellScrollView.h */ = {isa = PBXFileReference; fileEncoding = 4; lastKnownFileType = sourcecode.c.h; path = SWCellScrollView.h; sourceTree = "<group>"; };
		2B1B6CD7199E8FCC004A6614 /* SWCellScrollView.m */ = {isa = PBXFileReference; fileEncoding = 4; lastKnownFileType = sourcecode.c.objc; path = SWCellScrollView.m; sourceTree = "<group>"; };
		2B1B6CD8199E8FCC004A6614 /* SWLongPressGestureRecognizer.h */ = {isa = PBXFileReference; fileEncoding = 4; lastKnownFileType = sourcecode.c.h; path = SWLongPressGestureRecognizer.h; sourceTree = "<group>"; };
		2B1B6CD9199E8FCC004A6614 /* SWLongPressGestureRecognizer.m */ = {isa = PBXFileReference; fileEncoding = 4; lastKnownFileType = sourcecode.c.objc; path = SWLongPressGestureRecognizer.m; sourceTree = "<group>"; };
		2B1B6CDA199E8FCC004A6614 /* SWTableViewCell.h */ = {isa = PBXFileReference; fileEncoding = 4; lastKnownFileType = sourcecode.c.h; path = SWTableViewCell.h; sourceTree = "<group>"; };
		2B1B6CDB199E8FCC004A6614 /* SWTableViewCell.m */ = {isa = PBXFileReference; fileEncoding = 4; lastKnownFileType = sourcecode.c.objc; path = SWTableViewCell.m; sourceTree = "<group>"; };
		2B1B6CDC199E8FCC004A6614 /* SWUtilityButtonTapGestureRecognizer.h */ = {isa = PBXFileReference; fileEncoding = 4; lastKnownFileType = sourcecode.c.h; path = SWUtilityButtonTapGestureRecognizer.h; sourceTree = "<group>"; };
		2B1B6CDD199E8FCC004A6614 /* SWUtilityButtonTapGestureRecognizer.m */ = {isa = PBXFileReference; fileEncoding = 4; lastKnownFileType = sourcecode.c.objc; path = SWUtilityButtonTapGestureRecognizer.m; sourceTree = "<group>"; };
		2B1B6CDE199E8FCC004A6614 /* SWUtilityButtonView.h */ = {isa = PBXFileReference; fileEncoding = 4; lastKnownFileType = sourcecode.c.h; path = SWUtilityButtonView.h; sourceTree = "<group>"; };
		2B1B6CDF199E8FCC004A6614 /* SWUtilityButtonView.m */ = {isa = PBXFileReference; fileEncoding = 4; lastKnownFileType = sourcecode.c.objc; path = SWUtilityButtonView.m; sourceTree = "<group>"; };
		2B1B6CE6199FBAEA004A6614 /* LocationSearchProxy.h */ = {isa = PBXFileReference; fileEncoding = 4; lastKnownFileType = sourcecode.c.h; path = LocationSearchProxy.h; sourceTree = "<group>"; };
		2B1B6CE7199FBAEA004A6614 /* LocationSearchProxy.m */ = {isa = PBXFileReference; fileEncoding = 4; lastKnownFileType = sourcecode.c.objc; path = LocationSearchProxy.m; sourceTree = "<group>"; };
		2B1B6CE9199FC0C9004A6614 /* CoreLocation.framework */ = {isa = PBXFileReference; lastKnownFileType = wrapper.framework; name = CoreLocation.framework; path = System/Library/Frameworks/CoreLocation.framework; sourceTree = SDKROOT; };
		2B28E51C199E12A000450D68 /* AddEventViewController.h */ = {isa = PBXFileReference; fileEncoding = 4; lastKnownFileType = sourcecode.c.h; path = AddEventViewController.h; sourceTree = "<group>"; };
		2B28E51D199E12A000450D68 /* AddEventViewController.m */ = {isa = PBXFileReference; fileEncoding = 4; lastKnownFileType = sourcecode.c.objc; path = AddEventViewController.m; sourceTree = "<group>"; };
		2B28E526199E1A5A00450D68 /* AddEvent_map@2x.png */ = {isa = PBXFileReference; lastKnownFileType = image.png; path = "AddEvent_map@2x.png"; sourceTree = "<group>"; };
		2B28E528199E1C2A00450D68 /* AddEvent_group@2x.png */ = {isa = PBXFileReference; lastKnownFileType = image.png; path = "AddEvent_group@2x.png"; sourceTree = "<group>"; };
		2B28E529199E1C2A00450D68 /* AddEvent_write@2x.png */ = {isa = PBXFileReference; lastKnownFileType = image.png; path = "AddEvent_write@2x.png"; sourceTree = "<group>"; };
		2B28E52E199E206600450D68 /* AddEvent_link@2x.png */ = {isa = PBXFileReference; lastKnownFileType = image.png; path = "AddEvent_link@2x.png"; sourceTree = "<group>"; };
		2B28E52F199E206600450D68 /* AddEvent_note@2x.png */ = {isa = PBXFileReference; lastKnownFileType = image.png; path = "AddEvent_note@2x.png"; sourceTree = "<group>"; };
		2B28E530199E206600450D68 /* AddEvent_time@2x.png */ = {isa = PBXFileReference; lastKnownFileType = image.png; path = "AddEvent_time@2x.png"; sourceTree = "<group>"; };
		2B28E534199E224F00450D68 /* AddEvent_BG@2x.png */ = {isa = PBXFileReference; lastKnownFileType = image.png; path = "AddEvent_BG@2x.png"; sourceTree = "<group>"; };
		2B28E536199E239C00450D68 /* AddEvent_TextField@2x.png */ = {isa = PBXFileReference; lastKnownFileType = image.png; path = "AddEvent_TextField@2x.png"; sourceTree = "<group>"; };
		2B28E53F199E5A9C00450D68 /* AddEvent_SearchBarCancel@2x.png */ = {isa = PBXFileReference; lastKnownFileType = image.png; path = "AddEvent_SearchBarCancel@2x.png"; sourceTree = "<group>"; };
		2B51617A199FC711007C1AAF /* WholescreenActivityIndicatorCreator.h */ = {isa = PBXFileReference; fileEncoding = 4; lastKnownFileType = sourcecode.c.h; path = WholescreenActivityIndicatorCreator.h; sourceTree = "<group>"; };
		2B51617B199FC711007C1AAF /* WholescreenActivityIndicatorCreator.m */ = {isa = PBXFileReference; fileEncoding = 4; lastKnownFileType = sourcecode.c.objc; path = WholescreenActivityIndicatorCreator.m; sourceTree = "<group>"; };
		2B60F2A919A2089700ACAC82 /* AddFriends_AddFriendButton@2x.png */ = {isa = PBXFileReference; lastKnownFileType = image.png; path = "AddFriends_AddFriendButton@2x.png"; sourceTree = "<group>"; };
		2B60F2AB19A20EFB00ACAC82 /* AddFriends_AvatarIcon@2x.png */ = {isa = PBXFileReference; lastKnownFileType = image.png; path = "AddFriends_AvatarIcon@2x.png"; sourceTree = "<group>"; };
		2B670F35199D0DD600A6B041 /* Main_DeleteEven@2x.png */ = {isa = PBXFileReference; lastKnownFileType = image.png; path = "Main_DeleteEven@2x.png"; sourceTree = "<group>"; };
		2B670F38199D101300A6B041 /* Main_AddEvent@2x.png */ = {isa = PBXFileReference; lastKnownFileType = image.png; path = "Main_AddEvent@2x.png"; sourceTree = "<group>"; };
		2B78152D19A0C480007C43C3 /* LocationSearchViewController.h */ = {isa = PBXFileReference; fileEncoding = 4; lastKnownFileType = sourcecode.c.h; path = LocationSearchViewController.h; sourceTree = "<group>"; };
		2B78152E19A0C480007C43C3 /* LocationSearchViewController.m */ = {isa = PBXFileReference; fileEncoding = 4; lastKnownFileType = sourcecode.c.objc; path = LocationSearchViewController.m; sourceTree = "<group>"; };
		2B78153619A0D10A007C43C3 /* AddEvent_Navigate@2x.png */ = {isa = PBXFileReference; lastKnownFileType = image.png; path = "AddEvent_Navigate@2x.png"; sourceTree = "<group>"; };
		2B78153F19A113A4007C43C3 /* DatePickerCreator.h */ = {isa = PBXFileReference; fileEncoding = 4; lastKnownFileType = sourcecode.c.h; path = DatePickerCreator.h; sourceTree = "<group>"; };
		2B78154019A113A4007C43C3 /* DatePickerCreator.m */ = {isa = PBXFileReference; fileEncoding = 4; lastKnownFileType = sourcecode.c.objc; path = DatePickerCreator.m; sourceTree = "<group>"; };
		2B78154219A12CF8007C43C3 /* UserSearchViewController.h */ = {isa = PBXFileReference; fileEncoding = 4; lastKnownFileType = sourcecode.c.h; path = UserSearchViewController.h; sourceTree = "<group>"; };
		2B78154319A12CF8007C43C3 /* UserSearchViewController.m */ = {isa = PBXFileReference; fileEncoding = 4; lastKnownFileType = sourcecode.c.objc; path = UserSearchViewController.m; sourceTree = "<group>"; };
		2B78154719A136CA007C43C3 /* Main_AddFriends@2x.png */ = {isa = PBXFileReference; lastKnownFileType = image.png; path = "Main_AddFriends@2x.png"; sourceTree = "<group>"; };
		2B78154919A137D1007C43C3 /* Main_Settings@2x.png */ = {isa = PBXFileReference; lastKnownFileType = image.png; path = "Main_Settings@2x.png"; sourceTree = "<group>"; };
		2B78154C19A13958007C43C3 /* AddFriendsViewController.h */ = {isa = PBXFileReference; fileEncoding = 4; lastKnownFileType = sourcecode.c.h; path = AddFriendsViewController.h; sourceTree = "<group>"; };
		2B78154D19A13958007C43C3 /* AddFriendsViewController.m */ = {isa = PBXFileReference; fileEncoding = 4; lastKnownFileType = sourcecode.c.objc; path = AddFriendsViewController.m; sourceTree = "<group>"; };
		2B78154F19A14A44007C43C3 /* AddFriendsProxy.h */ = {isa = PBXFileReference; fileEncoding = 4; lastKnownFileType = sourcecode.c.h; path = AddFriendsProxy.h; sourceTree = "<group>"; };
		2B78155019A14A44007C43C3 /* AddFriendsProxy.m */ = {isa = PBXFileReference; fileEncoding = 4; lastKnownFileType = sourcecode.c.objc; path = AddFriendsProxy.m; sourceTree = "<group>"; };
		2BB444A61993C86F00AFEC46 /* MainViewController.h */ = {isa = PBXFileReference; fileEncoding = 4; lastKnownFileType = sourcecode.c.h; path = MainViewController.h; sourceTree = "<group>"; };
		2BB444A71993C86F00AFEC46 /* MainViewController.m */ = {isa = PBXFileReference; fileEncoding = 4; lastKnownFileType = sourcecode.c.objc; path = MainViewController.m; sourceTree = "<group>"; };
		2BB6C5DD1994C69900E6D6D4 /* AlertViewCreator.h */ = {isa = PBXFileReference; fileEncoding = 4; lastKnownFileType = sourcecode.c.h; path = AlertViewCreator.h; sourceTree = "<group>"; };
		2BB6C5DE1994C69900E6D6D4 /* AlertViewCreator.m */ = {isa = PBXFileReference; fileEncoding = 4; lastKnownFileType = sourcecode.c.objc; path = AlertViewCreator.m; sourceTree = "<group>"; };
		2BB6C5E0199509AF00E6D6D4 /* ViewToImageConverter.h */ = {isa = PBXFileReference; fileEncoding = 4; lastKnownFileType = sourcecode.c.h; path = ViewToImageConverter.h; sourceTree = "<group>"; };
		2BB6C5E1199509AF00E6D6D4 /* ViewToImageConverter.m */ = {isa = PBXFileReference; fileEncoding = 4; lastKnownFileType = sourcecode.c.objc; path = ViewToImageConverter.m; sourceTree = "<group>"; };
		2BB6C5E31995277B00E6D6D4 /* GetFacebookImageURL.h */ = {isa = PBXFileReference; fileEncoding = 4; lastKnownFileType = sourcecode.c.h; path = GetFacebookImageURL.h; sourceTree = "<group>"; };
		2BB6C5E41995277B00E6D6D4 /* GetFacebookImageURL.m */ = {isa = PBXFileReference; fileEncoding = 4; lastKnownFileType = sourcecode.c.objc; path = GetFacebookImageURL.m; sourceTree = "<group>"; };
		2BB7B4F9199159420062467E /* MeetMeUp.app */ = {isa = PBXFileReference; explicitFileType = wrapper.application; includeInIndex = 0; path = MeetMeUp.app; sourceTree = BUILT_PRODUCTS_DIR; };
		2BB7B4FC199159420062467E /* Foundation.framework */ = {isa = PBXFileReference; lastKnownFileType = wrapper.framework; name = Foundation.framework; path = System/Library/Frameworks/Foundation.framework; sourceTree = SDKROOT; };
		2BB7B4FE199159420062467E /* CoreGraphics.framework */ = {isa = PBXFileReference; lastKnownFileType = wrapper.framework; name = CoreGraphics.framework; path = System/Library/Frameworks/CoreGraphics.framework; sourceTree = SDKROOT; };
		2BB7B500199159420062467E /* UIKit.framework */ = {isa = PBXFileReference; lastKnownFileType = wrapper.framework; name = UIKit.framework; path = System/Library/Frameworks/UIKit.framework; sourceTree = SDKROOT; };
		2BB7B504199159420062467E /* MeetMeUp-Info.plist */ = {isa = PBXFileReference; lastKnownFileType = text.plist.xml; path = "MeetMeUp-Info.plist"; sourceTree = "<group>"; };
		2BB7B506199159420062467E /* en */ = {isa = PBXFileReference; lastKnownFileType = text.plist.strings; name = en; path = en.lproj/InfoPlist.strings; sourceTree = "<group>"; };
		2BB7B508199159420062467E /* main.m */ = {isa = PBXFileReference; lastKnownFileType = sourcecode.c.objc; path = main.m; sourceTree = "<group>"; };
		2BB7B50A199159420062467E /* MeetMeUp-Prefix.pch */ = {isa = PBXFileReference; lastKnownFileType = sourcecode.c.h; path = "MeetMeUp-Prefix.pch"; sourceTree = "<group>"; };
		2BB7B50B199159420062467E /* AppDelegate.h */ = {isa = PBXFileReference; lastKnownFileType = sourcecode.c.h; path = AppDelegate.h; sourceTree = "<group>"; };
		2BB7B50C199159420062467E /* AppDelegate.m */ = {isa = PBXFileReference; lastKnownFileType = sourcecode.c.objc; path = AppDelegate.m; sourceTree = "<group>"; };
		2BB7B50E199159420062467E /* Images.xcassets */ = {isa = PBXFileReference; lastKnownFileType = folder.assetcatalog; path = Images.xcassets; sourceTree = "<group>"; };
		2BB7B514199159420062467E /* MeetMeUpTests.xctest */ = {isa = PBXFileReference; explicitFileType = wrapper.cfbundle; includeInIndex = 0; path = MeetMeUpTests.xctest; sourceTree = BUILT_PRODUCTS_DIR; };
		2BB7B515199159420062467E /* XCTest.framework */ = {isa = PBXFileReference; lastKnownFileType = wrapper.framework; name = XCTest.framework; path = Library/Frameworks/XCTest.framework; sourceTree = DEVELOPER_DIR; };
		2BB7B51D199159420062467E /* MeetMeUpTests-Info.plist */ = {isa = PBXFileReference; lastKnownFileType = text.plist.xml; path = "MeetMeUpTests-Info.plist"; sourceTree = "<group>"; };
		2BB7B51F199159420062467E /* en */ = {isa = PBXFileReference; lastKnownFileType = text.plist.strings; name = en; path = en.lproj/InfoPlist.strings; sourceTree = "<group>"; };
		2BB7B521199159420062467E /* MeetMeUpTests.m */ = {isa = PBXFileReference; lastKnownFileType = sourcecode.c.objc; path = MeetMeUpTests.m; sourceTree = "<group>"; };
		2BB7B52B199159540062467E /* Storyboard.storyboard */ = {isa = PBXFileReference; fileEncoding = 4; lastKnownFileType = file.storyboard; path = Storyboard.storyboard; sourceTree = "<group>"; };
		2BB7B52D199159790062467E /* LoginViewController.h */ = {isa = PBXFileReference; fileEncoding = 4; lastKnownFileType = sourcecode.c.h; path = LoginViewController.h; sourceTree = "<group>"; };
		2BB7B52E199159790062467E /* LoginViewController.m */ = {isa = PBXFileReference; fileEncoding = 4; lastKnownFileType = sourcecode.c.objc; path = LoginViewController.m; sourceTree = "<group>"; };
		2BB7B534199159B90062467E /* LoginProxy.h */ = {isa = PBXFileReference; fileEncoding = 4; lastKnownFileType = sourcecode.c.h; path = LoginProxy.h; sourceTree = "<group>"; };
		2BB7B535199159B90062467E /* LoginProxy.m */ = {isa = PBXFileReference; fileEncoding = 4; lastKnownFileType = sourcecode.c.objc; path = LoginProxy.m; sourceTree = "<group>"; };
		2BB7B53A19915FF80062467E /* Login_ForgotPassword.png */ = {isa = PBXFileReference; lastKnownFileType = image.png; path = Login_ForgotPassword.png; sourceTree = "<group>"; };
		2BB7B53B19915FF80062467E /* Login_NewUser.png */ = {isa = PBXFileReference; lastKnownFileType = image.png; path = Login_NewUser.png; sourceTree = "<group>"; };
		2BB7B53C19915FF80062467E /* Login_PhotoBG.png */ = {isa = PBXFileReference; lastKnownFileType = image.png; path = Login_PhotoBG.png; sourceTree = "<group>"; };
		2BB7B53D19915FF80062467E /* Login_SignInButton.png */ = {isa = PBXFileReference; lastKnownFileType = image.png; path = Login_SignInButton.png; sourceTree = "<group>"; };
		2BB7B53E19915FF80062467E /* Login_SignInFacebook@2x.png */ = {isa = PBXFileReference; lastKnownFileType = image.png; path = "Login_SignInFacebook@2x.png"; sourceTree = "<group>"; };
		2BB7B54A199163CD0062467E /* SignUpViewController.h */ = {isa = PBXFileReference; fileEncoding = 4; lastKnownFileType = sourcecode.c.h; path = SignUpViewController.h; sourceTree = "<group>"; };
		2BB7B54B199163CD0062467E /* SignUpViewController.m */ = {isa = PBXFileReference; fileEncoding = 4; lastKnownFileType = sourcecode.c.objc; path = SignUpViewController.m; sourceTree = "<group>"; };
		2BB7B54E199171950062467E /* SignUp_EmailPass.png */ = {isa = PBXFileReference; lastKnownFileType = image.png; path = SignUp_EmailPass.png; sourceTree = "<group>"; };
		2BB7B550199172880062467E /* SignUp_SignupButton.png */ = {isa = PBXFileReference; lastKnownFileType = image.png; path = SignUp_SignupButton.png; sourceTree = "<group>"; };
		2BB7B55419921FB00062467E /* Login_UserPass.png */ = {isa = PBXFileReference; lastKnownFileType = image.png; path = Login_UserPass.png; sourceTree = "<group>"; };
		2BB7B556199221040062467E /* Login_EmailIcon.png */ = {isa = PBXFileReference; lastKnownFileType = image.png; path = Login_EmailIcon.png; sourceTree = "<group>"; };
		2BB7B557199221040062467E /* Login_LockIcon.png */ = {isa = PBXFileReference; lastKnownFileType = image.png; path = Login_LockIcon.png; sourceTree = "<group>"; };
		2BB7B558199221040062467E /* Login_UserIcon.png */ = {isa = PBXFileReference; lastKnownFileType = image.png; path = Login_UserIcon.png; sourceTree = "<group>"; };
		2BB7B562199230890062467E /* FacebookSDK.framework */ = {isa = PBXFileReference; lastKnownFileType = wrapper.framework; path = FacebookSDK.framework; sourceTree = "<group>"; };
		2BB7B564199290960062467E /* SignUp_CameraIcon@2x.png */ = {isa = PBXFileReference; lastKnownFileType = image.png; path = "SignUp_CameraIcon@2x.png"; sourceTree = "<group>"; };
		2BF5794B199409A100FC1D8E /* SignUpProxy.h */ = {isa = PBXFileReference; fileEncoding = 4; lastKnownFileType = sourcecode.c.h; path = SignUpProxy.h; sourceTree = "<group>"; };
		2BF5794C199409A100FC1D8E /* SignUpProxy.m */ = {isa = PBXFileReference; fileEncoding = 4; lastKnownFileType = sourcecode.c.objc; path = SignUpProxy.m; sourceTree = "<group>"; };
		2BF57951199417EE00FC1D8E /* ImagePickHelper.h */ = {isa = PBXFileReference; fileEncoding = 4; lastKnownFileType = sourcecode.c.h; path = ImagePickHelper.h; sourceTree = "<group>"; };
		2BF57952199417EE00FC1D8E /* ImagePickHelper.m */ = {isa = PBXFileReference; fileEncoding = 4; lastKnownFileType = sourcecode.c.objc; path = ImagePickHelper.m; sourceTree = "<group>"; };
/* End PBXFileReference section */

/* Begin PBXFrameworksBuildPhase section */
		2BB7B4F6199159420062467E /* Frameworks */ = {
			isa = PBXFrameworksBuildPhase;
			buildActionMask = 2147483647;
			files = (
				2B1B6CEA199FC0C9004A6614 /* CoreLocation.framework in Frameworks */,
				2BB7B4FF199159420062467E /* CoreGraphics.framework in Frameworks */,
				2BB7B563199230890062467E /* FacebookSDK.framework in Frameworks */,
				2BB7B501199159420062467E /* UIKit.framework in Frameworks */,
				2BB7B4FD199159420062467E /* Foundation.framework in Frameworks */,
			);
			runOnlyForDeploymentPostprocessing = 0;
		};
		2BB7B511199159420062467E /* Frameworks */ = {
			isa = PBXFrameworksBuildPhase;
			buildActionMask = 2147483647;
			files = (
				2BB7B516199159420062467E /* XCTest.framework in Frameworks */,
				2BB7B518199159420062467E /* UIKit.framework in Frameworks */,
				2BB7B517199159420062467E /* Foundation.framework in Frameworks */,
			);
			runOnlyForDeploymentPostprocessing = 0;
		};
/* End PBXFrameworksBuildPhase section */

/* Begin PBXGroup section */
		2B059FEA1998D7E000144541 /* Calendar */ = {
			isa = PBXGroup;
			children = (
				2B059FDB1998D35700144541 /* NSDate+convenience.h */,
				2B059FDC1998D35700144541 /* NSDate+convenience.m */,
				2B059FDD1998D35700144541 /* NSMutableArray+convenience.h */,
				2B059FDE1998D35700144541 /* NSMutableArray+convenience.m */,
				2B059FDF1998D35700144541 /* UIColor+expanded.h */,
				2B059FE01998D35700144541 /* UIColor+expanded.m */,
				2B059FE11998D35700144541 /* UIView+convenience.h */,
				2B059FE21998D35700144541 /* UIView+convenience.m */,
				2B059FE31998D35700144541 /* VRGCalendarView.h */,
				2B059FE41998D35700144541 /* VRGCalendarView.m */,
			);
			name = Calendar;
			sourceTree = "<group>";
		};
		2B059FED1998F61100144541 /* Main */ = {
			isa = PBXGroup;
			children = (
				2B78154919A137D1007C43C3 /* Main_Settings@2x.png */,
				2B78154719A136CA007C43C3 /* Main_AddFriends@2x.png */,
				2B670F38199D101300A6B041 /* Main_AddEvent@2x.png */,
				2B670F35199D0DD600A6B041 /* Main_DeleteEven@2x.png */,
				2B059FEB1998F60C00144541 /* Main_SettingsIcon@2x.png */,
				2B059FF71999027E00144541 /* Main_SettingsIcon2@2x.png */,
				2B059FF91999099000144541 /* Main_BG@2x.jpg */,
				2B05A009199A146F00144541 /* Main_SlideIcon@2x.png */,
				2B05A00E199A1B0A00144541 /* avatar3.jpg */,
				2B05A00F199A1B0A00144541 /* avatar1.jpg */,
				2B05A010199A1B0A00144541 /* avatar2.jpg */,
				2B05A011199A1B0A00144541 /* avatar4.jpg */,
				2B05A018199A1FF300144541 /* Main_InviteIcon@2x.png */,
			);
			name = Main;
			sourceTree = "<group>";
		};
		2B059FEE1998F9AF00144541 /* SettingsView */ = {
			isa = PBXGroup;
			children = (
				2B059FF21998FA1B00144541 /* SettingsTableViewController.h */,
				2B059FF31998FA1B00144541 /* SettingsTableViewController.m */,
			);
			name = SettingsView;
			sourceTree = "<group>";
		};
		2B28E519199E120200450D68 /* AddEvent */ = {
			isa = PBXGroup;
			children = (
				2B78153619A0D10A007C43C3 /* AddEvent_Navigate@2x.png */,
				2B28E53F199E5A9C00450D68 /* AddEvent_SearchBarCancel@2x.png */,
				2B28E534199E224F00450D68 /* AddEvent_BG@2x.png */,
				2B28E536199E239C00450D68 /* AddEvent_TextField@2x.png */,
				2B28E526199E1A5A00450D68 /* AddEvent_map@2x.png */,
				2B28E528199E1C2A00450D68 /* AddEvent_group@2x.png */,
				2B28E529199E1C2A00450D68 /* AddEvent_write@2x.png */,
				2B28E52E199E206600450D68 /* AddEvent_link@2x.png */,
				2B28E52F199E206600450D68 /* AddEvent_note@2x.png */,
				2B28E530199E206600450D68 /* AddEvent_time@2x.png */,
			);
			name = AddEvent;
			sourceTree = "<group>";
		};
		2B28E51F199E12A400450D68 /* AddEventView */ = {
			isa = PBXGroup;
			children = (
				2B28E51C199E12A000450D68 /* AddEventViewController.h */,
				2B28E51D199E12A000450D68 /* AddEventViewController.m */,
				2B78152D19A0C480007C43C3 /* LocationSearchViewController.h */,
				2B78152E19A0C480007C43C3 /* LocationSearchViewController.m */,
				2B1B6CE6199FBAEA004A6614 /* LocationSearchProxy.h */,
				2B1B6CE7199FBAEA004A6614 /* LocationSearchProxy.m */,
				2B78154219A12CF8007C43C3 /* UserSearchViewController.h */,
				2B78154319A12CF8007C43C3 /* UserSearchViewController.m */,
			);
			name = AddEventView;
			sourceTree = "<group>";
		};
		2B60F2A819A2088D00ACAC82 /* AddFriends */ = {
			isa = PBXGroup;
			children = (
				2B60F2A919A2089700ACAC82 /* AddFriends_AddFriendButton@2x.png */,
				2B60F2AB19A20EFB00ACAC82 /* AddFriends_AvatarIcon@2x.png */,
			);
			name = AddFriends;
			sourceTree = "<group>";
		};
		2B670F14199D033F00A6B041 /* SWTableLib */ = {
			isa = PBXGroup;
			children = (
				2B670F15199D038B00A6B041 /* PodFiles */,
			);
			name = SWTableLib;
			sourceTree = "<group>";
		};
		2B670F15199D038B00A6B041 /* PodFiles */ = {
			isa = PBXGroup;
			children = (
				2B1B6CD4199E8FCC004A6614 /* NSMutableArray+SWUtilityButtons.h */,
				2B1B6CD5199E8FCC004A6614 /* NSMutableArray+SWUtilityButtons.m */,
				2B1B6CD6199E8FCC004A6614 /* SWCellScrollView.h */,
				2B1B6CD7199E8FCC004A6614 /* SWCellScrollView.m */,
				2B1B6CD8199E8FCC004A6614 /* SWLongPressGestureRecognizer.h */,
				2B1B6CD9199E8FCC004A6614 /* SWLongPressGestureRecognizer.m */,
				2B1B6CDA199E8FCC004A6614 /* SWTableViewCell.h */,
				2B1B6CDB199E8FCC004A6614 /* SWTableViewCell.m */,
				2B1B6CDC199E8FCC004A6614 /* SWUtilityButtonTapGestureRecognizer.h */,
				2B1B6CDD199E8FCC004A6614 /* SWUtilityButtonTapGestureRecognizer.m */,
				2B1B6CDE199E8FCC004A6614 /* SWUtilityButtonView.h */,
				2B1B6CDF199E8FCC004A6614 /* SWUtilityButtonView.m */,
			);
			name = PodFiles;
			path = "../../../../../Downloads/SWTableViewCell-master/SWTableViewCell/PodFiles";
			sourceTree = "<group>";
		};
		2B78154B19A1392B007C43C3 /* AddFriendsView */ = {
			isa = PBXGroup;
			children = (
				2B78154C19A13958007C43C3 /* AddFriendsViewController.h */,
				2B78154D19A13958007C43C3 /* AddFriendsViewController.m */,
				2B78154F19A14A44007C43C3 /* AddFriendsProxy.h */,
				2B78155019A14A44007C43C3 /* AddFriendsProxy.m */,
			);
			name = AddFriendsView;
			sourceTree = "<group>";
		};
		2BB444A51993C84E00AFEC46 /* MainView */ = {
			isa = PBXGroup;
			children = (
				2BB444A61993C86F00AFEC46 /* MainViewController.h */,
				2BB444A71993C86F00AFEC46 /* MainViewController.m */,
			);
			name = MainView;
			sourceTree = "<group>";
		};
		2BB6C5DC1994C65F00E6D6D4 /* Helper */ = {
			isa = PBXGroup;
			children = (
				2B670F14199D033F00A6B041 /* SWTableLib */,
				2B059FEA1998D7E000144541 /* Calendar */,
				2BB6C5DD1994C69900E6D6D4 /* AlertViewCreator.h */,
				2BB6C5DE1994C69900E6D6D4 /* AlertViewCreator.m */,
				2B059FD81998CD1C00144541 /* SmallActivityIndicatorCreator.h */,
				2B059FD91998CD1C00144541 /* SmallActivityIndicatorCreator.m */,
				2B51617A199FC711007C1AAF /* WholescreenActivityIndicatorCreator.h */,
				2B51617B199FC711007C1AAF /* WholescreenActivityIndicatorCreator.m */,
				2B05A00B199A1A3B00144541 /* ImageResizer.h */,
				2B05A00C199A1A3B00144541 /* ImageResizer.m */,
				2B78153F19A113A4007C43C3 /* DatePickerCreator.h */,
				2B78154019A113A4007C43C3 /* DatePickerCreator.m */,
			);
			name = Helper;
			sourceTree = "<group>";
		};
		2BB7B4F0199159420062467E = {
			isa = PBXGroup;
			children = (
				2BB7B502199159420062467E /* MeetMeUp */,
				2BB7B51B199159420062467E /* MeetMeUpTests */,
				2BB7B4FB199159420062467E /* Frameworks */,
				2BB7B4FA199159420062467E /* Products */,
			);
			sourceTree = "<group>";
		};
		2BB7B4FA199159420062467E /* Products */ = {
			isa = PBXGroup;
			children = (
				2BB7B4F9199159420062467E /* MeetMeUp.app */,
				2BB7B514199159420062467E /* MeetMeUpTests.xctest */,
			);
			name = Products;
			sourceTree = "<group>";
		};
		2BB7B4FB199159420062467E /* Frameworks */ = {
			isa = PBXGroup;
			children = (
				2B1B6CE9199FC0C9004A6614 /* CoreLocation.framework */,
				2BB7B562199230890062467E /* FacebookSDK.framework */,
				2BB7B4FC199159420062467E /* Foundation.framework */,
				2BB7B4FE199159420062467E /* CoreGraphics.framework */,
				2BB7B500199159420062467E /* UIKit.framework */,
				2BB7B515199159420062467E /* XCTest.framework */,
			);
			name = Frameworks;
			sourceTree = "<group>";
		};
		2BB7B502199159420062467E /* MeetMeUp */ = {
			isa = PBXGroup;
			children = (
				2BB7B50B199159420062467E /* AppDelegate.h */,
				2BB7B50C199159420062467E /* AppDelegate.m */,
				2BB6C5DC1994C65F00E6D6D4 /* Helper */,
				2BB7B53719915FDC0062467E /* Images */,
				2BB7B549199163B60062467E /* SignUpView */,
				2BB7B5301991598C0062467E /* LoginView */,
				2BB444A51993C84E00AFEC46 /* MainView */,
				2B78154B19A1392B007C43C3 /* AddFriendsView */,
				2B059FEE1998F9AF00144541 /* SettingsView */,
				2B28E51F199E12A400450D68 /* AddEventView */,
				2BB7B50E199159420062467E /* Images.xcassets */,
				2BB7B503199159420062467E /* Supporting Files */,
			);
			path = MeetMeUp;
			sourceTree = "<group>";
		};
		2BB7B503199159420062467E /* Supporting Files */ = {
			isa = PBXGroup;
			children = (
				2BB7B504199159420062467E /* MeetMeUp-Info.plist */,
				2BB7B505199159420062467E /* InfoPlist.strings */,
				2BB7B508199159420062467E /* main.m */,
				2BB7B50A199159420062467E /* MeetMeUp-Prefix.pch */,
				2BB7B52B199159540062467E /* Storyboard.storyboard */,
			);
			name = "Supporting Files";
			sourceTree = "<group>";
		};
		2BB7B51B199159420062467E /* MeetMeUpTests */ = {
			isa = PBXGroup;
			children = (
				2BB7B521199159420062467E /* MeetMeUpTests.m */,
				2BB7B51C199159420062467E /* Supporting Files */,
			);
			path = MeetMeUpTests;
			sourceTree = "<group>";
		};
		2BB7B51C199159420062467E /* Supporting Files */ = {
			isa = PBXGroup;
			children = (
				2BB7B51D199159420062467E /* MeetMeUpTests-Info.plist */,
				2BB7B51E199159420062467E /* InfoPlist.strings */,
			);
			name = "Supporting Files";
			sourceTree = "<group>";
		};
		2BB7B5301991598C0062467E /* LoginView */ = {
			isa = PBXGroup;
			children = (
				2BB7B52D199159790062467E /* LoginViewController.h */,
				2BB7B52E199159790062467E /* LoginViewController.m */,
				2BB6C5E31995277B00E6D6D4 /* GetFacebookImageURL.h */,
				2BB6C5E41995277B00E6D6D4 /* GetFacebookImageURL.m */,
				2BB7B534199159B90062467E /* LoginProxy.h */,
				2BB7B535199159B90062467E /* LoginProxy.m */,
			);
			name = LoginView;
			sourceTree = "<group>";
		};
		2BB7B53719915FDC0062467E /* Images */ = {
			isa = PBXGroup;
			children = (
				2B60F2A819A2088D00ACAC82 /* AddFriends */,
				2B28E519199E120200450D68 /* AddEvent */,
				2B059FED1998F61100144541 /* Main */,
				2BB7B54D199171060062467E /* SignUp */,
				2BB7B53819915FEC0062467E /* Login */,
			);
			name = Images;
			sourceTree = "<group>";
		};
		2BB7B53819915FEC0062467E /* Login */ = {
			isa = PBXGroup;
			children = (
				2BB7B556199221040062467E /* Login_EmailIcon.png */,
				2BB7B557199221040062467E /* Login_LockIcon.png */,
				2BB7B558199221040062467E /* Login_UserIcon.png */,
				2BB7B55419921FB00062467E /* Login_UserPass.png */,
				2BB7B53A19915FF80062467E /* Login_ForgotPassword.png */,
				2BB7B53B19915FF80062467E /* Login_NewUser.png */,
				2BB7B53C19915FF80062467E /* Login_PhotoBG.png */,
				2BB7B53D19915FF80062467E /* Login_SignInButton.png */,
				2BB7B53E19915FF80062467E /* Login_SignInFacebook@2x.png */,
			);
			name = Login;
			sourceTree = "<group>";
		};
		2BB7B549199163B60062467E /* SignUpView */ = {
			isa = PBXGroup;
			children = (
				2BB7B54A199163CD0062467E /* SignUpViewController.h */,
				2BB7B54B199163CD0062467E /* SignUpViewController.m */,
				2BB6C5E0199509AF00E6D6D4 /* ViewToImageConverter.h */,
				2BB6C5E1199509AF00E6D6D4 /* ViewToImageConverter.m */,
				2BF57951199417EE00FC1D8E /* ImagePickHelper.h */,
				2BF57952199417EE00FC1D8E /* ImagePickHelper.m */,
				2BF5794B199409A100FC1D8E /* SignUpProxy.h */,
				2BF5794C199409A100FC1D8E /* SignUpProxy.m */,
			);
			name = SignUpView;
			sourceTree = "<group>";
		};
		2BB7B54D199171060062467E /* SignUp */ = {
			isa = PBXGroup;
			children = (
				2BB7B564199290960062467E /* SignUp_CameraIcon@2x.png */,
				2BB7B54E199171950062467E /* SignUp_EmailPass.png */,
				2BB7B550199172880062467E /* SignUp_SignupButton.png */,
			);
			name = SignUp;
			sourceTree = "<group>";
		};
/* End PBXGroup section */

/* Begin PBXNativeTarget section */
		2BB7B4F8199159420062467E /* MeetMeUp */ = {
			isa = PBXNativeTarget;
			buildConfigurationList = 2BB7B525199159420062467E /* Build configuration list for PBXNativeTarget "MeetMeUp" */;
			buildPhases = (
				2BB7B4F5199159420062467E /* Sources */,
				2BB7B4F6199159420062467E /* Frameworks */,
				2BB7B4F7199159420062467E /* Resources */,
			);
			buildRules = (
			);
			dependencies = (
			);
			name = MeetMeUp;
			productName = MeetMeUp;
			productReference = 2BB7B4F9199159420062467E /* MeetMeUp.app */;
			productType = "com.apple.product-type.application";
		};
		2BB7B513199159420062467E /* MeetMeUpTests */ = {
			isa = PBXNativeTarget;
			buildConfigurationList = 2BB7B528199159420062467E /* Build configuration list for PBXNativeTarget "MeetMeUpTests" */;
			buildPhases = (
				2BB7B510199159420062467E /* Sources */,
				2BB7B511199159420062467E /* Frameworks */,
				2BB7B512199159420062467E /* Resources */,
			);
			buildRules = (
			);
			dependencies = (
				2BB7B51A199159420062467E /* PBXTargetDependency */,
			);
			name = MeetMeUpTests;
			productName = MeetMeUpTests;
			productReference = 2BB7B514199159420062467E /* MeetMeUpTests.xctest */;
			productType = "com.apple.product-type.bundle.unit-test";
		};
/* End PBXNativeTarget section */

/* Begin PBXProject section */
		2BB7B4F1199159420062467E /* Project object */ = {
			isa = PBXProject;
			attributes = {
				LastUpgradeCheck = 0510;
				ORGANIZATIONNAME = ustwo.com.ty;
				TargetAttributes = {
					2BB7B513199159420062467E = {
						TestTargetID = 2BB7B4F8199159420062467E;
					};
				};
			};
			buildConfigurationList = 2BB7B4F4199159420062467E /* Build configuration list for PBXProject "MeetMeUp" */;
			compatibilityVersion = "Xcode 3.2";
			developmentRegion = English;
			hasScannedForEncodings = 0;
			knownRegions = (
				en,
			);
			mainGroup = 2BB7B4F0199159420062467E;
			productRefGroup = 2BB7B4FA199159420062467E /* Products */;
			projectDirPath = "";
			projectRoot = "";
			targets = (
				2BB7B4F8199159420062467E /* MeetMeUp */,
				2BB7B513199159420062467E /* MeetMeUpTests */,
			);
		};
/* End PBXProject section */

/* Begin PBXResourcesBuildPhase section */
		2BB7B4F7199159420062467E /* Resources */ = {
			isa = PBXResourcesBuildPhase;
			buildActionMask = 2147483647;
			files = (
				2B28E52B199E1C2A00450D68 /* AddEvent_group@2x.png in Resources */,
				2BB7B507199159420062467E /* InfoPlist.strings in Resources */,
				2BB7B54219915FF80062467E /* Login_PhotoBG.png in Resources */,
				2B28E531199E206600450D68 /* AddEvent_link@2x.png in Resources */,
				2B78153719A0D10A007C43C3 /* AddEvent_Navigate@2x.png in Resources */,
				2B05A013199A1B0A00144541 /* avatar1.jpg in Resources */,
				2B670F37199D0DD600A6B041 /* Main_DeleteEven@2x.png in Resources */,
				2B28E535199E224F00450D68 /* AddEvent_BG@2x.png in Resources */,
				2B78154819A136CA007C43C3 /* Main_AddFriends@2x.png in Resources */,
				2B059FF81999027E00144541 /* Main_SettingsIcon2@2x.png in Resources */,
				2BB7B55A199221040062467E /* Login_LockIcon.png in Resources */,
				2BB7B54F199171950062467E /* SignUp_EmailPass.png in Resources */,
				2BB7B54119915FF80062467E /* Login_NewUser.png in Resources */,
				2BB7B50F199159420062467E /* Images.xcassets in Resources */,
				2B60F2AA19A2089700ACAC82 /* AddFriends_AddFriendButton@2x.png in Resources */,
				2B28E533199E206600450D68 /* AddEvent_time@2x.png in Resources */,
				2B05A015199A1B0A00144541 /* avatar4.jpg in Resources */,
				2B28E52C199E1C2A00450D68 /* AddEvent_write@2x.png in Resources */,
				2B059FFA1999099000144541 /* Main_BG@2x.jpg in Resources */,
				2B059FEC1998F60C00144541 /* Main_SettingsIcon@2x.png in Resources */,
				2BB7B54419915FF80062467E /* Login_SignInFacebook@2x.png in Resources */,
				2B78154A19A137D1007C43C3 /* Main_Settings@2x.png in Resources */,
				2B05A012199A1B0A00144541 /* avatar3.jpg in Resources */,
				2B05A00A199A146F00144541 /* Main_SlideIcon@2x.png in Resources */,
				2B28E540199E5A9C00450D68 /* AddEvent_SearchBarCancel@2x.png in Resources */,
				2BB7B54319915FF80062467E /* Login_SignInButton.png in Resources */,
				2BB7B52C199159540062467E /* Storyboard.storyboard in Resources */,
				2B28E527199E1A5A00450D68 /* AddEvent_map@2x.png in Resources */,
				2B60F2AC19A20EFB00ACAC82 /* AddFriends_AvatarIcon@2x.png in Resources */,
				2BB7B54019915FF80062467E /* Login_ForgotPassword.png in Resources */,
				2B670F39199D101300A6B041 /* Main_AddEvent@2x.png in Resources */,
				2BB7B551199172880062467E /* SignUp_SignupButton.png in Resources */,
				2BB7B55B199221040062467E /* Login_UserIcon.png in Resources */,
				2B28E537199E239C00450D68 /* AddEvent_TextField@2x.png in Resources */,
				2BB7B55519921FB00062467E /* Login_UserPass.png in Resources */,
				2BB7B559199221040062467E /* Login_EmailIcon.png in Resources */,
				2B28E532199E206600450D68 /* AddEvent_note@2x.png in Resources */,
				2B05A014199A1B0A00144541 /* avatar2.jpg in Resources */,
				2BB7B565199290960062467E /* SignUp_CameraIcon@2x.png in Resources */,
				2B05A019199A1FF300144541 /* Main_InviteIcon@2x.png in Resources */,
			);
			runOnlyForDeploymentPostprocessing = 0;
		};
		2BB7B512199159420062467E /* Resources */ = {
			isa = PBXResourcesBuildPhase;
			buildActionMask = 2147483647;
			files = (
				2BB7B520199159420062467E /* InfoPlist.strings in Resources */,
			);
			runOnlyForDeploymentPostprocessing = 0;
		};
/* End PBXResourcesBuildPhase section */

/* Begin PBXSourcesBuildPhase section */
		2BB7B4F5199159420062467E /* Sources */ = {
			isa = PBXSourcesBuildPhase;
			buildActionMask = 2147483647;
			files = (
				2B059FE81998D35700144541 /* UIView+convenience.m in Sources */,
				2BB7B50D199159420062467E /* AppDelegate.m in Sources */,
				2B059FE61998D35700144541 /* NSMutableArray+convenience.m in Sources */,
				2B78152F19A0C480007C43C3 /* LocationSearchViewController.m in Sources */,
				2BB444A81993C86F00AFEC46 /* MainViewController.m in Sources */,
				2B78154419A12CF8007C43C3 /* UserSearchViewController.m in Sources */,
				2BB6C5E2199509AF00E6D6D4 /* ViewToImageConverter.m in Sources */,
				2BB7B54C199163CD0062467E /* SignUpViewController.m in Sources */,
				2B78154E19A13958007C43C3 /* AddFriendsViewController.m in Sources */,
				2B78155119A14A44007C43C3 /* AddFriendsProxy.m in Sources */,
				2B1B6CE4199E8FCC004A6614 /* SWUtilityButtonTapGestureRecognizer.m in Sources */,
				2B28E51E199E12A000450D68 /* AddEventViewController.m in Sources */,
				2B059FE71998D35700144541 /* UIColor+expanded.m in Sources */,
				2B05A00D199A1A3B00144541 /* ImageResizer.m in Sources */,
				2BF5794D199409A100FC1D8E /* SignUpProxy.m in Sources */,
				2BF57953199417EE00FC1D8E /* ImagePickHelper.m in Sources */,
				2BB6C5DF1994C69900E6D6D4 /* AlertViewCreator.m in Sources */,
				2BB7B509199159420062467E /* main.m in Sources */,
				2B1B6CE1199E8FCC004A6614 /* SWCellScrollView.m in Sources */,
				2B78154119A113A4007C43C3 /* DatePickerCreator.m in Sources */,
				2B1B6CE0199E8FCC004A6614 /* NSMutableArray+SWUtilityButtons.m in Sources */,
				2BB6C5E51995277B00E6D6D4 /* GetFacebookImageURL.m in Sources */,
				2B059FF41998FA1B00144541 /* SettingsTableViewController.m in Sources */,
				2B059FE91998D35700144541 /* VRGCalendarView.m in Sources */,
				2BB7B536199159B90062467E /* LoginProxy.m in Sources */,
				2B059FE51998D35700144541 /* NSDate+convenience.m in Sources */,
				2B1B6CE5199E8FCC004A6614 /* SWUtilityButtonView.m in Sources */,
				2B1B6CE3199E8FCC004A6614 /* SWTableViewCell.m in Sources */,
				2BB7B52F199159790062467E /* LoginViewController.m in Sources */,
				2B1B6CE8199FBAEA004A6614 /* LocationSearchProxy.m in Sources */,
				2B51617C199FC711007C1AAF /* WholescreenActivityIndicatorCreator.m in Sources */,
				2B059FDA1998CD1C00144541 /* SmallActivityIndicatorCreator.m in Sources */,
				2B1B6CE2199E8FCC004A6614 /* SWLongPressGestureRecognizer.m in Sources */,
			);
			runOnlyForDeploymentPostprocessing = 0;
		};
		2BB7B510199159420062467E /* Sources */ = {
			isa = PBXSourcesBuildPhase;
			buildActionMask = 2147483647;
			files = (
				2BB7B522199159420062467E /* MeetMeUpTests.m in Sources */,
			);
			runOnlyForDeploymentPostprocessing = 0;
		};
/* End PBXSourcesBuildPhase section */

/* Begin PBXTargetDependency section */
		2BB7B51A199159420062467E /* PBXTargetDependency */ = {
			isa = PBXTargetDependency;
			target = 2BB7B4F8199159420062467E /* MeetMeUp */;
			targetProxy = 2BB7B519199159420062467E /* PBXContainerItemProxy */;
		};
/* End PBXTargetDependency section */

/* Begin PBXVariantGroup section */
		2BB7B505199159420062467E /* InfoPlist.strings */ = {
			isa = PBXVariantGroup;
			children = (
				2BB7B506199159420062467E /* en */,
			);
			name = InfoPlist.strings;
			sourceTree = "<group>";
		};
		2BB7B51E199159420062467E /* InfoPlist.strings */ = {
			isa = PBXVariantGroup;
			children = (
				2BB7B51F199159420062467E /* en */,
			);
			name = InfoPlist.strings;
			sourceTree = "<group>";
		};
/* End PBXVariantGroup section */

/* Begin XCBuildConfiguration section */
		2BB7B523199159420062467E /* Debug */ = {
			isa = XCBuildConfiguration;
			buildSettings = {
				ALWAYS_SEARCH_USER_PATHS = NO;
				CLANG_CXX_LANGUAGE_STANDARD = "gnu++0x";
				CLANG_CXX_LIBRARY = "libc++";
				CLANG_ENABLE_MODULES = YES;
				CLANG_ENABLE_OBJC_ARC = YES;
				CLANG_WARN_BOOL_CONVERSION = YES;
				CLANG_WARN_CONSTANT_CONVERSION = YES;
				CLANG_WARN_DIRECT_OBJC_ISA_USAGE = YES_ERROR;
				CLANG_WARN_EMPTY_BODY = YES;
				CLANG_WARN_ENUM_CONVERSION = YES;
				CLANG_WARN_INT_CONVERSION = YES;
				CLANG_WARN_OBJC_ROOT_CLASS = YES_ERROR;
				CLANG_WARN__DUPLICATE_METHOD_MATCH = YES;
				"CODE_SIGN_IDENTITY[sdk=iphoneos*]" = "iPhone Developer";
				COPY_PHASE_STRIP = NO;
				GCC_C_LANGUAGE_STANDARD = gnu99;
				GCC_DYNAMIC_NO_PIC = NO;
				GCC_OPTIMIZATION_LEVEL = 0;
				GCC_PREPROCESSOR_DEFINITIONS = (
					"DEBUG=1",
					"$(inherited)",
				);
				GCC_SYMBOLS_PRIVATE_EXTERN = NO;
				GCC_WARN_64_TO_32_BIT_CONVERSION = YES;
				GCC_WARN_ABOUT_RETURN_TYPE = YES_ERROR;
				GCC_WARN_UNDECLARED_SELECTOR = YES;
				GCC_WARN_UNINITIALIZED_AUTOS = YES_AGGRESSIVE;
				GCC_WARN_UNUSED_FUNCTION = YES;
				GCC_WARN_UNUSED_VARIABLE = YES;
				IPHONEOS_DEPLOYMENT_TARGET = 7.1;
				ONLY_ACTIVE_ARCH = YES;
				SDKROOT = iphoneos;
			};
			name = Debug;
		};
		2BB7B524199159420062467E /* Release */ = {
			isa = XCBuildConfiguration;
			buildSettings = {
				ALWAYS_SEARCH_USER_PATHS = NO;
				CLANG_CXX_LANGUAGE_STANDARD = "gnu++0x";
				CLANG_CXX_LIBRARY = "libc++";
				CLANG_ENABLE_MODULES = YES;
				CLANG_ENABLE_OBJC_ARC = YES;
				CLANG_WARN_BOOL_CONVERSION = YES;
				CLANG_WARN_CONSTANT_CONVERSION = YES;
				CLANG_WARN_DIRECT_OBJC_ISA_USAGE = YES_ERROR;
				CLANG_WARN_EMPTY_BODY = YES;
				CLANG_WARN_ENUM_CONVERSION = YES;
				CLANG_WARN_INT_CONVERSION = YES;
				CLANG_WARN_OBJC_ROOT_CLASS = YES_ERROR;
				CLANG_WARN__DUPLICATE_METHOD_MATCH = YES;
				"CODE_SIGN_IDENTITY[sdk=iphoneos*]" = "iPhone Developer";
				COPY_PHASE_STRIP = YES;
				ENABLE_NS_ASSERTIONS = NO;
				GCC_C_LANGUAGE_STANDARD = gnu99;
				GCC_WARN_64_TO_32_BIT_CONVERSION = YES;
				GCC_WARN_ABOUT_RETURN_TYPE = YES_ERROR;
				GCC_WARN_UNDECLARED_SELECTOR = YES;
				GCC_WARN_UNINITIALIZED_AUTOS = YES_AGGRESSIVE;
				GCC_WARN_UNUSED_FUNCTION = YES;
				GCC_WARN_UNUSED_VARIABLE = YES;
				IPHONEOS_DEPLOYMENT_TARGET = 7.1;
				SDKROOT = iphoneos;
				VALIDATE_PRODUCT = YES;
			};
			name = Release;
		};
		2BB7B526199159420062467E /* Debug */ = {
			isa = XCBuildConfiguration;
			buildSettings = {
				ASSETCATALOG_COMPILER_APPICON_NAME = AppIcon;
				ASSETCATALOG_COMPILER_LAUNCHIMAGE_NAME = LaunchImage;
				FRAMEWORK_SEARCH_PATHS = (
					"$(inherited)",
					"$(PROJECT_DIR)",
				);
				GCC_PRECOMPILE_PREFIX_HEADER = YES;
				GCC_PREFIX_HEADER = "MeetMeUp/MeetMeUp-Prefix.pch";
				INFOPLIST_FILE = "MeetMeUp/MeetMeUp-Info.plist";
				PRODUCT_NAME = "$(TARGET_NAME)";
				WRAPPER_EXTENSION = app;
			};
			name = Debug;
		};
		2BB7B527199159420062467E /* Release */ = {
			isa = XCBuildConfiguration;
			buildSettings = {
				ASSETCATALOG_COMPILER_APPICON_NAME = AppIcon;
				ASSETCATALOG_COMPILER_LAUNCHIMAGE_NAME = LaunchImage;
				FRAMEWORK_SEARCH_PATHS = (
					"$(inherited)",
					"$(PROJECT_DIR)",
				);
				GCC_PRECOMPILE_PREFIX_HEADER = YES;
				GCC_PREFIX_HEADER = "MeetMeUp/MeetMeUp-Prefix.pch";
				INFOPLIST_FILE = "MeetMeUp/MeetMeUp-Info.plist";
				PRODUCT_NAME = "$(TARGET_NAME)";
				WRAPPER_EXTENSION = app;
			};
			name = Release;
		};
		2BB7B529199159420062467E /* Debug */ = {
			isa = XCBuildConfiguration;
			buildSettings = {
				BUNDLE_LOADER = "$(BUILT_PRODUCTS_DIR)/MeetMeUp.app/MeetMeUp";
				FRAMEWORK_SEARCH_PATHS = (
					"$(SDKROOT)/Developer/Library/Frameworks",
					"$(inherited)",
					"$(DEVELOPER_FRAMEWORKS_DIR)",
				);
				GCC_PRECOMPILE_PREFIX_HEADER = YES;
				GCC_PREFIX_HEADER = "MeetMeUp/MeetMeUp-Prefix.pch";
				GCC_PREPROCESSOR_DEFINITIONS = (
					"DEBUG=1",
					"$(inherited)",
				);
				INFOPLIST_FILE = "MeetMeUpTests/MeetMeUpTests-Info.plist";
				PRODUCT_NAME = "$(TARGET_NAME)";
				TEST_HOST = "$(BUNDLE_LOADER)";
				WRAPPER_EXTENSION = xctest;
			};
			name = Debug;
		};
		2BB7B52A199159420062467E /* Release */ = {
			isa = XCBuildConfiguration;
			buildSettings = {
				BUNDLE_LOADER = "$(BUILT_PRODUCTS_DIR)/MeetMeUp.app/MeetMeUp";
				FRAMEWORK_SEARCH_PATHS = (
					"$(SDKROOT)/Developer/Library/Frameworks",
					"$(inherited)",
					"$(DEVELOPER_FRAMEWORKS_DIR)",
				);
				GCC_PRECOMPILE_PREFIX_HEADER = YES;
				GCC_PREFIX_HEADER = "MeetMeUp/MeetMeUp-Prefix.pch";
				INFOPLIST_FILE = "MeetMeUpTests/MeetMeUpTests-Info.plist";
				PRODUCT_NAME = "$(TARGET_NAME)";
				TEST_HOST = "$(BUNDLE_LOADER)";
				WRAPPER_EXTENSION = xctest;
			};
			name = Release;
		};
/* End XCBuildConfiguration section */

/* Begin XCConfigurationList section */
		2BB7B4F4199159420062467E /* Build configuration list for PBXProject "MeetMeUp" */ = {
			isa = XCConfigurationList;
			buildConfigurations = (
				2BB7B523199159420062467E /* Debug */,
				2BB7B524199159420062467E /* Release */,
			);
			defaultConfigurationIsVisible = 0;
			defaultConfigurationName = Release;
		};
		2BB7B525199159420062467E /* Build configuration list for PBXNativeTarget "MeetMeUp" */ = {
			isa = XCConfigurationList;
			buildConfigurations = (
				2BB7B526199159420062467E /* Debug */,
				2BB7B527199159420062467E /* Release */,
			);
			defaultConfigurationIsVisible = 0;
			defaultConfigurationName = Release;
		};
		2BB7B528199159420062467E /* Build configuration list for PBXNativeTarget "MeetMeUpTests" */ = {
			isa = XCConfigurationList;
			buildConfigurations = (
				2BB7B529199159420062467E /* Debug */,
				2BB7B52A199159420062467E /* Release */,
			);
			defaultConfigurationIsVisible = 0;
			defaultConfigurationName = Release;
		};
/* End XCConfigurationList section */
	};
	rootObject = 2BB7B4F1199159420062467E /* Project object */;
}
